
Microsoft Visual Studio Solution File, Format Version 12.00
# Visual Studio Version 17
VisualStudioVersion = 17.13.35931.197
MinimumVisualStudioVersion = 10.0.40219.1
Project("{2150E333-8FDC-42A3-9474-1A3956D46DE8}") = "Services", "Services", "{02EA681E-C7D8-13C7-8484-4AC65E1B71E8}"
EndProject
Project("{2150E333-8FDC-42A3-9474-1A3956D46DE8}") = "Catalogue", "Catalogue", "{CDB334D8-E912-499E-9FA0-85C70D17FDF6}"
EndProject
Project("{FAE04EC0-301F-11D3-BF4B-00C04F79EFBC}") = "Catalogue.API", "Services\Catalogue\Catalogue.API\Catalogue.API.csproj", "{F6C925FC-8456-4336-A583-B4D8804951ED}"
EndProject
Project("{2150E333-8FDC-42A3-9474-1A3956D46DE8}") = "Building Blocks", "Building Blocks", "{78933606-A199-4F4F-8263-95A90034243D}"
EndProject
Project("{FAE04EC0-301F-11D3-BF4B-00C04F79EFBC}") = "BuildingBlocks", "Building Blocks\BuildingBlocks\BuildingBlocks.csproj", "{CE66784F-7919-42AC-BA12-39278C5A50B9}"
EndProject
Project("{E53339B2-1760-4266-BCC7-CA923CBCF16C}") = "docker-compose", "docker-compose.dcproj", "{81DDED9D-158B-E303-5F62-77A2896D2A5A}"
EndProject
Project("{2150E333-8FDC-42A3-9474-1A3956D46DE8}") = "Basket", "Basket", "{DB24B29E-7887-4B2B-A0FF-B6DED4D38A38}"
EndProject
Project("{FAE04EC0-301F-11D3-BF4B-00C04F79EFBC}") = "Basket.API", "Services\Basket\Basket.API\Basket.API.csproj", "{82CF6C7D-E6FA-44BC-900D-3CE515EC2742}"
EndProject
Project("{2150E333-8FDC-42A3-9474-1A3956D46DE8}") = "Discount", "Discount", "{30EB9D4F-A4F7-4D22-B49B-AD32A9C1B056}"
EndProject
Project("{FAE04EC0-301F-11D3-BF4B-00C04F79EFBC}") = "Discount.Grpc", "Services\Discount\Discount.Grpc\Discount.Grpc.csproj", "{050468DD-90CC-49C5-A8C5-4188A403601C}"
EndProject
Project("{2150E333-8FDC-42A3-9474-1A3956D46DE8}") = "Ordering", "Ordering", "{88F73452-23C1-4838-BBEC-4EAF2F861692}"
EndProject
Project("{FAE04EC0-301F-11D3-BF4B-00C04F79EFBC}") = "Ordering.API", "Services\Ordering\Ordering.API\Ordering.API.csproj", "{AF4F7C50-DF94-4F91-B78D-D680DD67D91C}"
EndProject
Project("{FAE04EC0-301F-11D3-BF4B-00C04F79EFBC}") = "Ordering.Domain", "Services\Ordering\Ordering.Domain\Ordering.Domain.csproj", "{633949F4-BC82-4B62-9288-82D69B93BA7D}"
EndProject
Project("{FAE04EC0-301F-11D3-BF4B-00C04F79EFBC}") = "Ordering.Application", "Services\Ordering\Ordering.Application\Ordering.Application.csproj", "{1F2FDC13-C817-4B87-B4DB-8D82A754C612}"
EndProject
Project("{FAE04EC0-301F-11D3-BF4B-00C04F79EFBC}") = "Ordering.Infrastructure", "Services\Ordering\Ordering.Infrastructure\Ordering.Infrastructure.csproj", "{2027E0E6-7BE1-4D49-9B09-C4218BCE02ED}"
EndProject
Project("{FAE04EC0-301F-11D3-BF4B-00C04F79EFBC}") = "BuildingBlocks.Messaging", "Building Blocks\BuildingBlocks.Messaging\BuildingBlocks.Messaging.csproj", "{A7BA3921-EFC7-46C1-8CBE-8C01B4A46D81}"
EndProject
Global
	GlobalSection(SolutionConfigurationPlatforms) = preSolution
		Debug|Any CPU = Debug|Any CPU
		Release|Any CPU = Release|Any CPU
	EndGlobalSection
	GlobalSection(ProjectConfigurationPlatforms) = postSolution
		{F6C925FC-8456-4336-A583-B4D8804951ED}.Debug|Any CPU.ActiveCfg = Debug|Any CPU
		{F6C925FC-8456-4336-A583-B4D8804951ED}.Debug|Any CPU.Build.0 = Debug|Any CPU
		{F6C925FC-8456-4336-A583-B4D8804951ED}.Release|Any CPU.ActiveCfg = Release|Any CPU
		{F6C925FC-8456-4336-A583-B4D8804951ED}.Release|Any CPU.Build.0 = Release|Any CPU
		{CE66784F-7919-42AC-BA12-39278C5A50B9}.Debug|Any CPU.ActiveCfg = Debug|Any CPU
		{CE66784F-7919-42AC-BA12-39278C5A50B9}.Debug|Any CPU.Build.0 = Debug|Any CPU
		{CE66784F-7919-42AC-BA12-39278C5A50B9}.Release|Any CPU.ActiveCfg = Release|Any CPU
		{CE66784F-7919-42AC-BA12-39278C5A50B9}.Release|Any CPU.Build.0 = Release|Any CPU
		{81DDED9D-158B-E303-5F62-77A2896D2A5A}.Debug|Any CPU.ActiveCfg = Debug|Any CPU
		{81DDED9D-158B-E303-5F62-77A2896D2A5A}.Debug|Any CPU.Build.0 = Debug|Any CPU
		{81DDED9D-158B-E303-5F62-77A2896D2A5A}.Release|Any CPU.ActiveCfg = Release|Any CPU
		{81DDED9D-158B-E303-5F62-77A2896D2A5A}.Release|Any CPU.Build.0 = Release|Any CPU
		{82CF6C7D-E6FA-44BC-900D-3CE515EC2742}.Debug|Any CPU.ActiveCfg = Debug|Any CPU
		{82CF6C7D-E6FA-44BC-900D-3CE515EC2742}.Debug|Any CPU.Build.0 = Debug|Any CPU
		{82CF6C7D-E6FA-44BC-900D-3CE515EC2742}.Release|Any CPU.ActiveCfg = Release|Any CPU
		{82CF6C7D-E6FA-44BC-900D-3CE515EC2742}.Release|Any CPU.Build.0 = Release|Any CPU
		{050468DD-90CC-49C5-A8C5-4188A403601C}.Debug|Any CPU.ActiveCfg = Debug|Any CPU
		{050468DD-90CC-49C5-A8C5-4188A403601C}.Debug|Any CPU.Build.0 = Debug|Any CPU
		{050468DD-90CC-49C5-A8C5-4188A403601C}.Release|Any CPU.ActiveCfg = Release|Any CPU
		{050468DD-90CC-49C5-A8C5-4188A403601C}.Release|Any CPU.Build.0 = Release|Any CPU
		{AF4F7C50-DF94-4F91-B78D-D680DD67D91C}.Debug|Any CPU.ActiveCfg = Debug|Any CPU
		{AF4F7C50-DF94-4F91-B78D-D680DD67D91C}.Debug|Any CPU.Build.0 = Debug|Any CPU
		{AF4F7C50-DF94-4F91-B78D-D680DD67D91C}.Release|Any CPU.ActiveCfg = Release|Any CPU
		{AF4F7C50-DF94-4F91-B78D-D680DD67D91C}.Release|Any CPU.Build.0 = Release|Any CPU
		{633949F4-BC82-4B62-9288-82D69B93BA7D}.Debug|Any CPU.ActiveCfg = Debug|Any CPU
		{633949F4-BC82-4B62-9288-82D69B93BA7D}.Debug|Any CPU.Build.0 = Debug|Any CPU
		{633949F4-BC82-4B62-9288-82D69B93BA7D}.Release|Any CPU.ActiveCfg = Release|Any CPU
		{633949F4-BC82-4B62-9288-82D69B93BA7D}.Release|Any CPU.Build.0 = Release|Any CPU
		{1F2FDC13-C817-4B87-B4DB-8D82A754C612}.Debug|Any CPU.ActiveCfg = Debug|Any CPU
		{1F2FDC13-C817-4B87-B4DB-8D82A754C612}.Debug|Any CPU.Build.0 = Debug|Any CPU
		{1F2FDC13-C817-4B87-B4DB-8D82A754C612}.Release|Any CPU.ActiveCfg = Release|Any CPU
		{1F2FDC13-C817-4B87-B4DB-8D82A754C612}.Release|Any CPU.Build.0 = Release|Any CPU
		{2027E0E6-7BE1-4D49-9B09-C4218BCE02ED}.Debug|Any CPU.ActiveCfg = Debug|Any CPU
		{2027E0E6-7BE1-4D49-9B09-C4218BCE02ED}.Debug|Any CPU.Build.0 = Debug|Any CPU
		{2027E0E6-7BE1-4D49-9B09-C4218BCE02ED}.Release|Any CPU.ActiveCfg = Release|Any CPU
		{2027E0E6-7BE1-4D49-9B09-C4218BCE02ED}.Release|Any CPU.Build.0 = Release|Any CPU
		{A7BA3921-EFC7-46C1-8CBE-8C01B4A46D81}.Debug|Any CPU.ActiveCfg = Debug|Any CPU
		{A7BA3921-EFC7-46C1-8CBE-8C01B4A46D81}.Debug|Any CPU.Build.0 = Debug|Any CPU
		{A7BA3921-EFC7-46C1-8CBE-8C01B4A46D81}.Release|Any CPU.ActiveCfg = Release|Any CPU
		{A7BA3921-EFC7-46C1-8CBE-8C01B4A46D81}.Release|Any CPU.Build.0 = Release|Any CPU
	EndGlobalSection
	GlobalSection(SolutionProperties) = preSolution
		HideSolutionNode = FALSE
	EndGlobalSection
	GlobalSection(NestedProjects) = preSolution
		{CDB334D8-E912-499E-9FA0-85C70D17FDF6} = {02EA681E-C7D8-13C7-8484-4AC65E1B71E8}
		{F6C925FC-8456-4336-A583-B4D8804951ED} = {CDB334D8-E912-499E-9FA0-85C70D17FDF6}
		{CE66784F-7919-42AC-BA12-39278C5A50B9} = {78933606-A199-4F4F-8263-95A90034243D}
		{DB24B29E-7887-4B2B-A0FF-B6DED4D38A38} = {02EA681E-C7D8-13C7-8484-4AC65E1B71E8}
		{82CF6C7D-E6FA-44BC-900D-3CE515EC2742} = {DB24B29E-7887-4B2B-A0FF-B6DED4D38A38}
		{30EB9D4F-A4F7-4D22-B49B-AD32A9C1B056} = {02EA681E-C7D8-13C7-8484-4AC65E1B71E8}
		{050468DD-90CC-49C5-A8C5-4188A403601C} = {30EB9D4F-A4F7-4D22-B49B-AD32A9C1B056}
		{88F73452-23C1-4838-BBEC-4EAF2F861692} = {02EA681E-C7D8-13C7-8484-4AC65E1B71E8}
		{AF4F7C50-DF94-4F91-B78D-D680DD67D91C} = {88F73452-23C1-4838-BBEC-4EAF2F861692}
		{633949F4-BC82-4B62-9288-82D69B93BA7D} = {88F73452-23C1-4838-BBEC-4EAF2F861692}
		{1F2FDC13-C817-4B87-B4DB-8D82A754C612} = {88F73452-23C1-4838-BBEC-4EAF2F861692}
		{2027E0E6-7BE1-4D49-9B09-C4218BCE02ED} = {88F73452-23C1-4838-BBEC-4EAF2F861692}
		{A7BA3921-EFC7-46C1-8CBE-8C01B4A46D81} = {78933606-A199-4F4F-8263-95A90034243D}
	EndGlobalSection
	GlobalSection(ExtensibilityGlobals) = postSolution
		SolutionGuid = {B76190D0-2C37-417A-9DF7-1355A3F58E85}
	EndGlobalSection
EndGlobal
